{
    "name": "leviathon-debug",
    "version": "1.0.0",
    "lockfileVersion": 3,
    "requires": true,
    "packages": {
        "": {
            "name": "leviathon-debug",
            "version": "1.0.0",
            "devDependencies": {
                "@vscode/debugadapter": "^1.59.0"
            },
            "engines": {
                "node": "*"
            }
        },
        "node_modules/@vscode/debugadapter": {
            "version": "1.59.0",
            "resolved": "https://registry.npmjs.org/@vscode/debugadapter/-/debugadapter-1.59.0.tgz",
            "integrity": "sha512-KfrQ/9QhTxBumxkqIWs9rsFLScdBIqEXx5pGbTXP7V9I3IIcwgdi5N55FbMxQY9tq6xK3KfJHAZLIXDwO7YfVg==",
            "dev": true,
            "dependencies": {
                "@vscode/debugprotocol": "1.59.0"
            },
            "engines": {
                "node": ">=14"
            }
        },
        "node_modules/@vscode/debugprotocol": {
            "version": "1.59.0",
            "resolved": "https://registry.npmjs.org/@vscode/debugprotocol/-/debugprotocol-1.59.0.tgz",
            "integrity": "sha512-Ks8NiZrCvybf9ebGLP8OUZQbEMIJYC8X0Ds54Q/szpT/SYEDjTksPvZlcWGTo7B9t5abjvbd0jkNH3blYaSuVw==",
            "dev": true
        }
    }
}
